
Microsoft Visual Studio Solution File, Format Version 12.00
# Visual Studio Version 17
VisualStudioVersion = 17.13.35931.197
MinimumVisualStudioVersion = 10.0.40219.1
Project("{FAE04EC0-301F-11D3-BF4B-00C04F79EFBC}") = "CLMLTEMA.API", "CLMLTEMA.API\CLMLTEMA.API.csproj", "{0A613327-B033-4B7B-A107-54291884DA3C}"
EndProject
Project("{FAE04EC0-301F-11D3-BF4B-00C04F79EFBC}") = "CLMLTEMA.PROCESS", "CLMLTEMA.PROCESS\CLMLTEMA.PROCESS.csproj", "{04F594AE-583E-445B-A3F0-BAEDF7A76925}"
EndProject
Project("{FAE04EC0-301F-11D3-BF4B-00C04F79EFBC}") = "CLMLTEMA.MODELS", "CLMLTEMA.MODELS\CLMLTEMA.MODELS.csproj", "{7B778F4A-2706-48B5-A31A-35053F483F5D}"
EndProject
Project("{FAE04EC0-301F-11D3-BF4B-00C04F79EFBC}") = "CLMLTEMA.COMMON", "CLMLTEMA.COMMON\CLMLTEMA.COMMON.csproj", "{B334B8AC-5E3F-4DF8-BA84-FB4163CC3847}"
EndProject
Project("{FAE04EC0-301F-11D3-BF4B-00C04F79EFBC}") = "CLMLTEMA.SNCSAP", "CLMLTEMA.SNCSAP\CLMLTEMA.SNCSAP.csproj", "{51A9FD8D-5B9E-47C4-AA14-0647918048A9}"
EndProject
Project("{2150E333-8FDC-42A3-9474-1A3956D46DE8}") = "Solution Items", "Solution Items", "{8EC462FD-D22E-90A8-E5CE-7E832BA40C5D}"
	ProjectSection(SolutionItems) = preProject
		azure-pipelines.yml = azure-pipelines.yml
	EndProjectSection
EndProject
Global
	GlobalSection(SolutionConfigurationPlatforms) = preSolution
		ams_development|Any CPU = ams_development|Any CPU
		ams_development|x64 = ams_development|x64
		ams_master|Any CPU = ams_master|Any CPU
		ams_master|x64 = ams_master|x64
		ams_staging|Any CPU = ams_staging|Any CPU
		ams_staging|x64 = ams_staging|x64
		clv_development|Any CPU = clv_development|Any CPU
		clv_development|x64 = clv_development|x64
		clv_master|Any CPU = clv_master|Any CPU
		clv_master|x64 = clv_master|x64
		clv_staging|Any CPU = clv_staging|Any CPU
		clv_staging|x64 = clv_staging|x64
		crm_development|Any CPU = crm_development|Any CPU
		crm_development|x64 = crm_development|x64
		crm_master|Any CPU = crm_master|Any CPU
		crm_master|x64 = crm_master|x64
		crm_staging|Any CPU = crm_staging|Any CPU
		crm_staging|x64 = crm_staging|x64
		gga_development|Any CPU = gga_development|Any CPU
		gga_development|x64 = gga_development|x64
		gga_master|Any CPU = gga_master|Any CPU
		gga_master|x64 = gga_master|x64
		gga_staging|Any CPU = gga_staging|Any CPU
		gga_staging|x64 = gga_staging|x64
		idc_development|Any CPU = idc_development|Any CPU
		idc_development|x64 = idc_development|x64
		idc_master|Any CPU = idc_master|Any CPU
		idc_master|x64 = idc_master|x64
		idc_staging|Any CPU = idc_staging|Any CPU
		idc_staging|x64 = idc_staging|x64
		nvm_development|Any CPU = nvm_development|Any CPU
		nvm_development|x64 = nvm_development|x64
		nvm_master|Any CPU = nvm_master|Any CPU
		nvm_master|x64 = nvm_master|x64
		nvm_staging|Any CPU = nvm_staging|Any CPU
		nvm_staging|x64 = nvm_staging|x64
		tcr_development|Any CPU = tcr_development|Any CPU
		tcr_development|x64 = tcr_development|x64
		tcr_master|Any CPU = tcr_master|Any CPU
		tcr_master|x64 = tcr_master|x64
		tcr_staging|Any CPU = tcr_staging|Any CPU
		tcr_staging|x64 = tcr_staging|x64
		thu_development|Any CPU = thu_development|Any CPU
		thu_development|x64 = thu_development|x64
		thu_master|Any CPU = thu_master|Any CPU
		thu_master|x64 = thu_master|x64
		thu_staging|Any CPU = thu_staging|Any CPU
		thu_staging|x64 = thu_staging|x64
		zsw_development|Any CPU = zsw_development|Any CPU
		zsw_development|x64 = zsw_development|x64
		zsw_master|Any CPU = zsw_master|Any CPU
		zsw_master|x64 = zsw_master|x64
		zsw_staging|Any CPU = zsw_staging|Any CPU
		zsw_staging|x64 = zsw_staging|x64
	EndGlobalSection
	GlobalSection(ProjectConfigurationPlatforms) = postSolution
		{0A613327-B033-4B7B-A107-54291884DA3C}.ams_development|Any CPU.ActiveCfg = ams_development|x64
		{0A613327-B033-4B7B-A107-54291884DA3C}.ams_development|Any CPU.Build.0 = ams_development|x64
		{0A613327-B033-4B7B-A107-54291884DA3C}.ams_development|x64.ActiveCfg = ams_development|x64
		{0A613327-B033-4B7B-A107-54291884DA3C}.ams_development|x64.Build.0 = ams_development|x64
		{0A613327-B033-4B7B-A107-54291884DA3C}.ams_master|Any CPU.ActiveCfg = ams_master|x64
		{0A613327-B033-4B7B-A107-54291884DA3C}.ams_master|Any CPU.Build.0 = ams_master|x64
		{0A613327-B033-4B7B-A107-54291884DA3C}.ams_master|x64.ActiveCfg = ams_master|x64
		{0A613327-B033-4B7B-A107-54291884DA3C}.ams_master|x64.Build.0 = ams_master|x64
		{0A613327-B033-4B7B-A107-54291884DA3C}.ams_staging|Any CPU.ActiveCfg = ams_staging|x64
		{0A613327-B033-4B7B-A107-54291884DA3C}.ams_staging|Any CPU.Build.0 = ams_staging|x64
		{0A613327-B033-4B7B-A107-54291884DA3C}.ams_staging|x64.ActiveCfg = ams_staging|x64
		{0A613327-B033-4B7B-A107-54291884DA3C}.ams_staging|x64.Build.0 = ams_staging|x64
		{0A613327-B033-4B7B-A107-54291884DA3C}.clv_development|Any CPU.ActiveCfg = clv_development|x64
		{0A613327-B033-4B7B-A107-54291884DA3C}.clv_development|Any CPU.Build.0 = clv_development|x64
		{0A613327-B033-4B7B-A107-54291884DA3C}.clv_development|x64.ActiveCfg = clv_development|x64
		{0A613327-B033-4B7B-A107-54291884DA3C}.clv_development|x64.Build.0 = clv_development|x64
		{0A613327-B033-4B7B-A107-54291884DA3C}.clv_master|Any CPU.ActiveCfg = clv_master|x64
		{0A613327-B033-4B7B-A107-54291884DA3C}.clv_master|Any CPU.Build.0 = clv_master|x64
		{0A613327-B033-4B7B-A107-54291884DA3C}.clv_master|x64.ActiveCfg = clv_master|x64
		{0A613327-B033-4B7B-A107-54291884DA3C}.clv_master|x64.Build.0 = clv_master|x64
		{0A613327-B033-4B7B-A107-54291884DA3C}.clv_staging|Any CPU.ActiveCfg = clv_staging|x64
		{0A613327-B033-4B7B-A107-54291884DA3C}.clv_staging|Any CPU.Build.0 = clv_staging|x64
		{0A613327-B033-4B7B-A107-54291884DA3C}.clv_staging|x64.ActiveCfg = clv_staging|x64
		{0A613327-B033-4B7B-A107-54291884DA3C}.clv_staging|x64.Build.0 = clv_staging|x64
		{0A613327-B033-4B7B-A107-54291884DA3C}.crm_development|Any CPU.ActiveCfg = crm_development|x64
		{0A613327-B033-4B7B-A107-54291884DA3C}.crm_development|Any CPU.Build.0 = crm_development|x64
		{0A613327-B033-4B7B-A107-54291884DA3C}.crm_development|x64.ActiveCfg = crm_development|x64
		{0A613327-B033-4B7B-A107-54291884DA3C}.crm_development|x64.Build.0 = crm_development|x64
		{0A613327-B033-4B7B-A107-54291884DA3C}.crm_master|Any CPU.ActiveCfg = crm_master|x64
		{0A613327-B033-4B7B-A107-54291884DA3C}.crm_master|Any CPU.Build.0 = crm_master|x64
		{0A613327-B033-4B7B-A107-54291884DA3C}.crm_master|x64.ActiveCfg = crm_master|x64
		{0A613327-B033-4B7B-A107-54291884DA3C}.crm_master|x64.Build.0 = crm_master|x64
		{0A613327-B033-4B7B-A107-54291884DA3C}.crm_staging|Any CPU.ActiveCfg = crm_staging|x64
		{0A613327-B033-4B7B-A107-54291884DA3C}.crm_staging|Any CPU.Build.0 = crm_staging|x64
		{0A613327-B033-4B7B-A107-54291884DA3C}.crm_staging|x64.ActiveCfg = crm_staging|x64
		{0A613327-B033-4B7B-A107-54291884DA3C}.crm_staging|x64.Build.0 = crm_staging|x64
		{0A613327-B033-4B7B-A107-54291884DA3C}.gga_development|Any CPU.ActiveCfg = gga_development|x64
		{0A613327-B033-4B7B-A107-54291884DA3C}.gga_development|Any CPU.Build.0 = gga_development|x64
		{0A613327-B033-4B7B-A107-54291884DA3C}.gga_development|x64.ActiveCfg = gga_development|x64
		{0A613327-B033-4B7B-A107-54291884DA3C}.gga_development|x64.Build.0 = gga_development|x64
		{0A613327-B033-4B7B-A107-54291884DA3C}.gga_master|Any CPU.ActiveCfg = gga_master|x64
		{0A613327-B033-4B7B-A107-54291884DA3C}.gga_master|Any CPU.Build.0 = gga_master|x64
		{0A613327-B033-4B7B-A107-54291884DA3C}.gga_master|x64.ActiveCfg = gga_master|x64
		{0A613327-B033-4B7B-A107-54291884DA3C}.gga_master|x64.Build.0 = gga_master|x64
		{0A613327-B033-4B7B-A107-54291884DA3C}.gga_staging|Any CPU.ActiveCfg = gga_staging|x64
		{0A613327-B033-4B7B-A107-54291884DA3C}.gga_staging|Any CPU.Build.0 = gga_staging|x64
		{0A613327-B033-4B7B-A107-54291884DA3C}.gga_staging|x64.ActiveCfg = gga_staging|x64
		{0A613327-B033-4B7B-A107-54291884DA3C}.gga_staging|x64.Build.0 = gga_staging|x64
		{0A613327-B033-4B7B-A107-54291884DA3C}.idc_development|Any CPU.ActiveCfg = idc_development|x64
		{0A613327-B033-4B7B-A107-54291884DA3C}.idc_development|Any CPU.Build.0 = idc_development|x64
		{0A613327-B033-4B7B-A107-54291884DA3C}.idc_development|x64.ActiveCfg = idc_development|x64
		{0A613327-B033-4B7B-A107-54291884DA3C}.idc_development|x64.Build.0 = idc_development|x64
		{0A613327-B033-4B7B-A107-54291884DA3C}.idc_master|Any CPU.ActiveCfg = idc_master|x64
		{0A613327-B033-4B7B-A107-54291884DA3C}.idc_master|Any CPU.Build.0 = idc_master|x64
		{0A613327-B033-4B7B-A107-54291884DA3C}.idc_master|x64.ActiveCfg = idc_master|x64
		{0A613327-B033-4B7B-A107-54291884DA3C}.idc_master|x64.Build.0 = idc_master|x64
		{0A613327-B033-4B7B-A107-54291884DA3C}.idc_staging|Any CPU.ActiveCfg = idc_staging|x64
		{0A613327-B033-4B7B-A107-54291884DA3C}.idc_staging|Any CPU.Build.0 = idc_staging|x64
		{0A613327-B033-4B7B-A107-54291884DA3C}.idc_staging|x64.ActiveCfg = idc_staging|x64
		{0A613327-B033-4B7B-A107-54291884DA3C}.idc_staging|x64.Build.0 = idc_staging|x64
		{0A613327-B033-4B7B-A107-54291884DA3C}.nvm_development|Any CPU.ActiveCfg = nvm_development|x64
		{0A613327-B033-4B7B-A107-54291884DA3C}.nvm_development|Any CPU.Build.0 = nvm_development|x64
		{0A613327-B033-4B7B-A107-54291884DA3C}.nvm_development|x64.ActiveCfg = nvm_development|x64
		{0A613327-B033-4B7B-A107-54291884DA3C}.nvm_development|x64.Build.0 = nvm_development|x64
		{0A613327-B033-4B7B-A107-54291884DA3C}.nvm_master|Any CPU.ActiveCfg = nvm_master|x64
		{0A613327-B033-4B7B-A107-54291884DA3C}.nvm_master|Any CPU.Build.0 = nvm_master|x64
		{0A613327-B033-4B7B-A107-54291884DA3C}.nvm_master|x64.ActiveCfg = nvm_master|x64
		{0A613327-B033-4B7B-A107-54291884DA3C}.nvm_master|x64.Build.0 = nvm_master|x64
		{0A613327-B033-4B7B-A107-54291884DA3C}.nvm_staging|Any CPU.ActiveCfg = nvm_staging|x64
		{0A613327-B033-4B7B-A107-54291884DA3C}.nvm_staging|Any CPU.Build.0 = nvm_staging|x64
		{0A613327-B033-4B7B-A107-54291884DA3C}.nvm_staging|x64.ActiveCfg = nvm_staging|x64
		{0A613327-B033-4B7B-A107-54291884DA3C}.nvm_staging|x64.Build.0 = nvm_staging|x64
		{0A613327-B033-4B7B-A107-54291884DA3C}.tcr_development|Any CPU.ActiveCfg = tcr_development|x64
		{0A613327-B033-4B7B-A107-54291884DA3C}.tcr_development|Any CPU.Build.0 = tcr_development|x64
		{0A613327-B033-4B7B-A107-54291884DA3C}.tcr_development|x64.ActiveCfg = tcr_development|x64
		{0A613327-B033-4B7B-A107-54291884DA3C}.tcr_development|x64.Build.0 = tcr_development|x64
		{0A613327-B033-4B7B-A107-54291884DA3C}.tcr_master|Any CPU.ActiveCfg = tcr_master|x64
		{0A613327-B033-4B7B-A107-54291884DA3C}.tcr_master|Any CPU.Build.0 = tcr_master|x64
		{0A613327-B033-4B7B-A107-54291884DA3C}.tcr_master|x64.ActiveCfg = tcr_master|x64
		{0A613327-B033-4B7B-A107-54291884DA3C}.tcr_master|x64.Build.0 = tcr_master|x64
		{0A613327-B033-4B7B-A107-54291884DA3C}.tcr_staging|Any CPU.ActiveCfg = tcr_staging|x64
		{0A613327-B033-4B7B-A107-54291884DA3C}.tcr_staging|Any CPU.Build.0 = tcr_staging|x64
		{0A613327-B033-4B7B-A107-54291884DA3C}.tcr_staging|x64.ActiveCfg = tcr_staging|x64
		{0A613327-B033-4B7B-A107-54291884DA3C}.tcr_staging|x64.Build.0 = tcr_staging|x64
		{0A613327-B033-4B7B-A107-54291884DA3C}.thu_development|Any CPU.ActiveCfg = thu_development|x64
		{0A613327-B033-4B7B-A107-54291884DA3C}.thu_development|Any CPU.Build.0 = thu_development|x64
		{0A613327-B033-4B7B-A107-54291884DA3C}.thu_development|x64.ActiveCfg = thu_development|x64
		{0A613327-B033-4B7B-A107-54291884DA3C}.thu_development|x64.Build.0 = thu_development|x64
		{0A613327-B033-4B7B-A107-54291884DA3C}.thu_master|Any CPU.ActiveCfg = thu_master|x64
		{0A613327-B033-4B7B-A107-54291884DA3C}.thu_master|Any CPU.Build.0 = thu_master|x64
		{0A613327-B033-4B7B-A107-54291884DA3C}.thu_master|x64.ActiveCfg = thu_master|x64
		{0A613327-B033-4B7B-A107-54291884DA3C}.thu_master|x64.Build.0 = thu_master|x64
		{0A613327-B033-4B7B-A107-54291884DA3C}.thu_staging|Any CPU.ActiveCfg = thu_staging|x64
		{0A613327-B033-4B7B-A107-54291884DA3C}.thu_staging|Any CPU.Build.0 = thu_staging|x64
		{0A613327-B033-4B7B-A107-54291884DA3C}.thu_staging|x64.ActiveCfg = thu_staging|x64
		{0A613327-B033-4B7B-A107-54291884DA3C}.thu_staging|x64.Build.0 = thu_staging|x64
		{0A613327-B033-4B7B-A107-54291884DA3C}.zsw_development|Any CPU.ActiveCfg = zsw_development|x64
		{0A613327-B033-4B7B-A107-54291884DA3C}.zsw_development|Any CPU.Build.0 = zsw_development|x64
		{0A613327-B033-4B7B-A107-54291884DA3C}.zsw_development|x64.ActiveCfg = zsw_development|x64
		{0A613327-B033-4B7B-A107-54291884DA3C}.zsw_development|x64.Build.0 = zsw_development|x64
		{0A613327-B033-4B7B-A107-54291884DA3C}.zsw_master|Any CPU.ActiveCfg = zsw_master|x64
		{0A613327-B033-4B7B-A107-54291884DA3C}.zsw_master|Any CPU.Build.0 = zsw_master|x64
		{0A613327-B033-4B7B-A107-54291884DA3C}.zsw_master|x64.ActiveCfg = zsw_master|x64
		{0A613327-B033-4B7B-A107-54291884DA3C}.zsw_master|x64.Build.0 = zsw_master|x64
		{0A613327-B033-4B7B-A107-54291884DA3C}.zsw_staging|Any CPU.ActiveCfg = zsw_staging|x64
		{0A613327-B033-4B7B-A107-54291884DA3C}.zsw_staging|Any CPU.Build.0 = zsw_staging|x64
		{0A613327-B033-4B7B-A107-54291884DA3C}.zsw_staging|x64.ActiveCfg = zsw_staging|x64
		{0A613327-B033-4B7B-A107-54291884DA3C}.zsw_staging|x64.Build.0 = zsw_staging|x64
		{04F594AE-583E-445B-A3F0-BAEDF7A76925}.ams_development|Any CPU.ActiveCfg = ams_development|x64
		{04F594AE-583E-445B-A3F0-BAEDF7A76925}.ams_development|Any CPU.Build.0 = ams_development|x64
		{04F594AE-583E-445B-A3F0-BAEDF7A76925}.ams_development|x64.ActiveCfg = ams_development|x64
		{04F594AE-583E-445B-A3F0-BAEDF7A76925}.ams_development|x64.Build.0 = ams_development|x64
		{04F594AE-583E-445B-A3F0-BAEDF7A76925}.ams_master|Any CPU.ActiveCfg = ams_master|x64
		{04F594AE-583E-445B-A3F0-BAEDF7A76925}.ams_master|Any CPU.Build.0 = ams_master|x64
		{04F594AE-583E-445B-A3F0-BAEDF7A76925}.ams_master|x64.ActiveCfg = ams_master|x64
		{04F594AE-583E-445B-A3F0-BAEDF7A76925}.ams_master|x64.Build.0 = ams_master|x64
		{04F594AE-583E-445B-A3F0-BAEDF7A76925}.ams_staging|Any CPU.ActiveCfg = ams_staging|x64
		{04F594AE-583E-445B-A3F0-BAEDF7A76925}.ams_staging|Any CPU.Build.0 = ams_staging|x64
		{04F594AE-583E-445B-A3F0-BAEDF7A76925}.ams_staging|x64.ActiveCfg = ams_staging|x64
		{04F594AE-583E-445B-A3F0-BAEDF7A76925}.ams_staging|x64.Build.0 = ams_staging|x64
		{04F594AE-583E-445B-A3F0-BAEDF7A76925}.clv_development|Any CPU.ActiveCfg = clv_development|x64
		{04F594AE-583E-445B-A3F0-BAEDF7A76925}.clv_development|Any CPU.Build.0 = clv_development|x64
		{04F594AE-583E-445B-A3F0-BAEDF7A76925}.clv_development|x64.ActiveCfg = clv_development|x64
		{04F594AE-583E-445B-A3F0-BAEDF7A76925}.clv_development|x64.Build.0 = clv_development|x64
		{04F594AE-583E-445B-A3F0-BAEDF7A76925}.clv_master|Any CPU.ActiveCfg = clv_master|x64
		{04F594AE-583E-445B-A3F0-BAEDF7A76925}.clv_master|Any CPU.Build.0 = clv_master|x64
		{04F594AE-583E-445B-A3F0-BAEDF7A76925}.clv_master|x64.ActiveCfg = clv_master|x64
		{04F594AE-583E-445B-A3F0-BAEDF7A76925}.clv_master|x64.Build.0 = clv_master|x64
		{04F594AE-583E-445B-A3F0-BAEDF7A76925}.clv_staging|Any CPU.ActiveCfg = clv_staging|x64
		{04F594AE-583E-445B-A3F0-BAEDF7A76925}.clv_staging|Any CPU.Build.0 = clv_staging|x64
		{04F594AE-583E-445B-A3F0-BAEDF7A76925}.clv_staging|x64.ActiveCfg = clv_staging|x64
		{04F594AE-583E-445B-A3F0-BAEDF7A76925}.clv_staging|x64.Build.0 = clv_staging|x64
		{04F594AE-583E-445B-A3F0-BAEDF7A76925}.crm_development|Any CPU.ActiveCfg = crm_development|x64
		{04F594AE-583E-445B-A3F0-BAEDF7A76925}.crm_development|Any CPU.Build.0 = crm_development|x64
		{04F594AE-583E-445B-A3F0-BAEDF7A76925}.crm_development|x64.ActiveCfg = crm_development|x64
		{04F594AE-583E-445B-A3F0-BAEDF7A76925}.crm_development|x64.Build.0 = crm_development|x64
		{04F594AE-583E-445B-A3F0-BAEDF7A76925}.crm_master|Any CPU.ActiveCfg = crm_master|x64
		{04F594AE-583E-445B-A3F0-BAEDF7A76925}.crm_master|Any CPU.Build.0 = crm_master|x64
		{04F594AE-583E-445B-A3F0-BAEDF7A76925}.crm_master|x64.ActiveCfg = crm_master|x64
		{04F594AE-583E-445B-A3F0-BAEDF7A76925}.crm_master|x64.Build.0 = crm_master|x64
		{04F594AE-583E-445B-A3F0-BAEDF7A76925}.crm_staging|Any CPU.ActiveCfg = crm_staging|x64
		{04F594AE-583E-445B-A3F0-BAEDF7A76925}.crm_staging|Any CPU.Build.0 = crm_staging|x64
		{04F594AE-583E-445B-A3F0-BAEDF7A76925}.crm_staging|x64.ActiveCfg = crm_staging|x64
		{04F594AE-583E-445B-A3F0-BAEDF7A76925}.crm_staging|x64.Build.0 = crm_staging|x64
		{04F594AE-583E-445B-A3F0-BAEDF7A76925}.gga_development|Any CPU.ActiveCfg = gga_development|x64
		{04F594AE-583E-445B-A3F0-BAEDF7A76925}.gga_development|Any CPU.Build.0 = gga_development|x64
		{04F594AE-583E-445B-A3F0-BAEDF7A76925}.gga_development|x64.ActiveCfg = gga_development|x64
		{04F594AE-583E-445B-A3F0-BAEDF7A76925}.gga_development|x64.Build.0 = gga_development|x64
		{04F594AE-583E-445B-A3F0-BAEDF7A76925}.gga_master|Any CPU.ActiveCfg = gga_master|x64
		{04F594AE-583E-445B-A3F0-BAEDF7A76925}.gga_master|Any CPU.Build.0 = gga_master|x64
		{04F594AE-583E-445B-A3F0-BAEDF7A76925}.gga_master|x64.ActiveCfg = gga_master|x64
		{04F594AE-583E-445B-A3F0-BAEDF7A76925}.gga_master|x64.Build.0 = gga_master|x64
		{04F594AE-583E-445B-A3F0-BAEDF7A76925}.gga_staging|Any CPU.ActiveCfg = gga_staging|x64
		{04F594AE-583E-445B-A3F0-BAEDF7A76925}.gga_staging|Any CPU.Build.0 = gga_staging|x64
		{04F594AE-583E-445B-A3F0-BAEDF7A76925}.gga_staging|x64.ActiveCfg = gga_staging|x64
		{04F594AE-583E-445B-A3F0-BAEDF7A76925}.gga_staging|x64.Build.0 = gga_staging|x64
		{04F594AE-583E-445B-A3F0-BAEDF7A76925}.idc_development|Any CPU.ActiveCfg = idc_development|x64
		{04F594AE-583E-445B-A3F0-BAEDF7A76925}.idc_development|Any CPU.Build.0 = idc_development|x64
		{04F594AE-583E-445B-A3F0-BAEDF7A76925}.idc_development|x64.ActiveCfg = idc_development|x64
		{04F594AE-583E-445B-A3F0-BAEDF7A76925}.idc_development|x64.Build.0 = idc_development|x64
		{04F594AE-583E-445B-A3F0-BAEDF7A76925}.idc_master|Any CPU.ActiveCfg = idc_master|x64
		{04F594AE-583E-445B-A3F0-BAEDF7A76925}.idc_master|Any CPU.Build.0 = idc_master|x64
		{04F594AE-583E-445B-A3F0-BAEDF7A76925}.idc_master|x64.ActiveCfg = idc_master|x64
		{04F594AE-583E-445B-A3F0-BAEDF7A76925}.idc_master|x64.Build.0 = idc_master|x64
		{04F594AE-583E-445B-A3F0-BAEDF7A76925}.idc_staging|Any CPU.ActiveCfg = idc_staging|x64
		{04F594AE-583E-445B-A3F0-BAEDF7A76925}.idc_staging|Any CPU.Build.0 = idc_staging|x64
		{04F594AE-583E-445B-A3F0-BAEDF7A76925}.idc_staging|x64.ActiveCfg = idc_staging|x64
		{04F594AE-583E-445B-A3F0-BAEDF7A76925}.idc_staging|x64.Build.0 = idc_staging|x64
		{04F594AE-583E-445B-A3F0-BAEDF7A76925}.nvm_development|Any CPU.ActiveCfg = nvm_development|x64
		{04F594AE-583E-445B-A3F0-BAEDF7A76925}.nvm_development|Any CPU.Build.0 = nvm_development|x64
		{04F594AE-583E-445B-A3F0-BAEDF7A76925}.nvm_development|x64.ActiveCfg = nvm_development|x64
		{04F594AE-583E-445B-A3F0-BAEDF7A76925}.nvm_development|x64.Build.0 = nvm_development|x64
		{04F594AE-583E-445B-A3F0-BAEDF7A76925}.nvm_master|Any CPU.ActiveCfg = nvm_master|x64
		{04F594AE-583E-445B-A3F0-BAEDF7A76925}.nvm_master|Any CPU.Build.0 = nvm_master|x64
		{04F594AE-583E-445B-A3F0-BAEDF7A76925}.nvm_master|x64.ActiveCfg = nvm_master|x64
		{04F594AE-583E-445B-A3F0-BAEDF7A76925}.nvm_master|x64.Build.0 = nvm_master|x64
		{04F594AE-583E-445B-A3F0-BAEDF7A76925}.nvm_staging|Any CPU.ActiveCfg = nvm_staging|x64
		{04F594AE-583E-445B-A3F0-BAEDF7A76925}.nvm_staging|Any CPU.Build.0 = nvm_staging|x64
		{04F594AE-583E-445B-A3F0-BAEDF7A76925}.nvm_staging|x64.ActiveCfg = nvm_staging|x64
		{04F594AE-583E-445B-A3F0-BAEDF7A76925}.nvm_staging|x64.Build.0 = nvm_staging|x64
		{04F594AE-583E-445B-A3F0-BAEDF7A76925}.tcr_development|Any CPU.ActiveCfg = tcr_development|x64
		{04F594AE-583E-445B-A3F0-BAEDF7A76925}.tcr_development|Any CPU.Build.0 = tcr_development|x64
		{04F594AE-583E-445B-A3F0-BAEDF7A76925}.tcr_development|x64.ActiveCfg = tcr_development|x64
		{04F594AE-583E-445B-A3F0-BAEDF7A76925}.tcr_development|x64.Build.0 = tcr_development|x64
		{04F594AE-583E-445B-A3F0-BAEDF7A76925}.tcr_master|Any CPU.ActiveCfg = tcr_master|x64
		{04F594AE-583E-445B-A3F0-BAEDF7A76925}.tcr_master|Any CPU.Build.0 = tcr_master|x64
		{04F594AE-583E-445B-A3F0-BAEDF7A76925}.tcr_master|x64.ActiveCfg = tcr_master|x64
		{04F594AE-583E-445B-A3F0-BAEDF7A76925}.tcr_master|x64.Build.0 = tcr_master|x64
		{04F594AE-583E-445B-A3F0-BAEDF7A76925}.tcr_staging|Any CPU.ActiveCfg = tcr_staging|x64
		{04F594AE-583E-445B-A3F0-BAEDF7A76925}.tcr_staging|Any CPU.Build.0 = tcr_staging|x64
		{04F594AE-583E-445B-A3F0-BAEDF7A76925}.tcr_staging|x64.ActiveCfg = tcr_staging|x64
		{04F594AE-583E-445B-A3F0-BAEDF7A76925}.tcr_staging|x64.Build.0 = tcr_staging|x64
		{04F594AE-583E-445B-A3F0-BAEDF7A76925}.thu_development|Any CPU.ActiveCfg = thu_development|x64
		{04F594AE-583E-445B-A3F0-BAEDF7A76925}.thu_development|Any CPU.Build.0 = thu_development|x64
		{04F594AE-583E-445B-A3F0-BAEDF7A76925}.thu_development|x64.ActiveCfg = thu_development|x64
		{04F594AE-583E-445B-A3F0-BAEDF7A76925}.thu_development|x64.Build.0 = thu_development|x64
		{04F594AE-583E-445B-A3F0-BAEDF7A76925}.thu_master|Any CPU.ActiveCfg = thu_master|x64
		{04F594AE-583E-445B-A3F0-BAEDF7A76925}.thu_master|Any CPU.Build.0 = thu_master|x64
		{04F594AE-583E-445B-A3F0-BAEDF7A76925}.thu_master|x64.ActiveCfg = thu_master|x64
		{04F594AE-583E-445B-A3F0-BAEDF7A76925}.thu_master|x64.Build.0 = thu_master|x64
		{04F594AE-583E-445B-A3F0-BAEDF7A76925}.thu_staging|Any CPU.ActiveCfg = thu_staging|x64
		{04F594AE-583E-445B-A3F0-BAEDF7A76925}.thu_staging|Any CPU.Build.0 = thu_staging|x64
		{04F594AE-583E-445B-A3F0-BAEDF7A76925}.thu_staging|x64.ActiveCfg = thu_staging|x64
		{04F594AE-583E-445B-A3F0-BAEDF7A76925}.thu_staging|x64.Build.0 = thu_staging|x64
		{04F594AE-583E-445B-A3F0-BAEDF7A76925}.zsw_development|Any CPU.ActiveCfg = zsw_development|x64
		{04F594AE-583E-445B-A3F0-BAEDF7A76925}.zsw_development|Any CPU.Build.0 = zsw_development|x64
		{04F594AE-583E-445B-A3F0-BAEDF7A76925}.zsw_development|x64.ActiveCfg = zsw_development|x64
		{04F594AE-583E-445B-A3F0-BAEDF7A76925}.zsw_development|x64.Build.0 = zsw_development|x64
		{04F594AE-583E-445B-A3F0-BAEDF7A76925}.zsw_master|Any CPU.ActiveCfg = zsw_master|x64
		{04F594AE-583E-445B-A3F0-BAEDF7A76925}.zsw_master|Any CPU.Build.0 = zsw_master|x64
		{04F594AE-583E-445B-A3F0-BAEDF7A76925}.zsw_master|x64.ActiveCfg = zsw_master|x64
		{04F594AE-583E-445B-A3F0-BAEDF7A76925}.zsw_master|x64.Build.0 = zsw_master|x64
		{04F594AE-583E-445B-A3F0-BAEDF7A76925}.zsw_staging|Any CPU.ActiveCfg = zsw_staging|x64
		{04F594AE-583E-445B-A3F0-BAEDF7A76925}.zsw_staging|Any CPU.Build.0 = zsw_staging|x64
		{04F594AE-583E-445B-A3F0-BAEDF7A76925}.zsw_staging|x64.ActiveCfg = zsw_staging|x64
		{04F594AE-583E-445B-A3F0-BAEDF7A76925}.zsw_staging|x64.Build.0 = zsw_staging|x64
		{7B778F4A-2706-48B5-A31A-35053F483F5D}.ams_development|Any CPU.ActiveCfg = ams_development|x64
		{7B778F4A-2706-48B5-A31A-35053F483F5D}.ams_development|Any CPU.Build.0 = ams_development|x64
		{7B778F4A-2706-48B5-A31A-35053F483F5D}.ams_development|x64.ActiveCfg = ams_development|x64
		{7B778F4A-2706-48B5-A31A-35053F483F5D}.ams_development|x64.Build.0 = ams_development|x64
		{7B778F4A-2706-48B5-A31A-35053F483F5D}.ams_master|Any CPU.ActiveCfg = ams_master|x64
		{7B778F4A-2706-48B5-A31A-35053F483F5D}.ams_master|Any CPU.Build.0 = ams_master|x64
		{7B778F4A-2706-48B5-A31A-35053F483F5D}.ams_master|x64.ActiveCfg = ams_master|x64
		{7B778F4A-2706-48B5-A31A-35053F483F5D}.ams_master|x64.Build.0 = ams_master|x64
		{7B778F4A-2706-48B5-A31A-35053F483F5D}.ams_staging|Any CPU.ActiveCfg = ams_staging|x64
		{7B778F4A-2706-48B5-A31A-35053F483F5D}.ams_staging|Any CPU.Build.0 = ams_staging|x64
		{7B778F4A-2706-48B5-A31A-35053F483F5D}.ams_staging|x64.ActiveCfg = ams_staging|x64
		{7B778F4A-2706-48B5-A31A-35053F483F5D}.ams_staging|x64.Build.0 = ams_staging|x64
		{7B778F4A-2706-48B5-A31A-35053F483F5D}.clv_development|Any CPU.ActiveCfg = clv_development|x64
		{7B778F4A-2706-48B5-A31A-35053F483F5D}.clv_development|Any CPU.Build.0 = clv_development|x64
		{7B778F4A-2706-48B5-A31A-35053F483F5D}.clv_development|x64.ActiveCfg = clv_development|x64
		{7B778F4A-2706-48B5-A31A-35053F483F5D}.clv_development|x64.Build.0 = clv_development|x64
		{7B778F4A-2706-48B5-A31A-35053F483F5D}.clv_master|Any CPU.ActiveCfg = clv_master|x64
		{7B778F4A-2706-48B5-A31A-35053F483F5D}.clv_master|Any CPU.Build.0 = clv_master|x64
		{7B778F4A-2706-48B5-A31A-35053F483F5D}.clv_master|x64.ActiveCfg = clv_master|x64
		{7B778F4A-2706-48B5-A31A-35053F483F5D}.clv_master|x64.Build.0 = clv_master|x64
		{7B778F4A-2706-48B5-A31A-35053F483F5D}.clv_staging|Any CPU.ActiveCfg = clv_staging|x64
		{7B778F4A-2706-48B5-A31A-35053F483F5D}.clv_staging|Any CPU.Build.0 = clv_staging|x64
		{7B778F4A-2706-48B5-A31A-35053F483F5D}.clv_staging|x64.ActiveCfg = clv_staging|x64
		{7B778F4A-2706-48B5-A31A-35053F483F5D}.clv_staging|x64.Build.0 = clv_staging|x64
		{7B778F4A-2706-48B5-A31A-35053F483F5D}.crm_development|Any CPU.ActiveCfg = crm_development|x64
		{7B778F4A-2706-48B5-A31A-35053F483F5D}.crm_development|Any CPU.Build.0 = crm_development|x64
		{7B778F4A-2706-48B5-A31A-35053F483F5D}.crm_development|x64.ActiveCfg = crm_development|x64
		{7B778F4A-2706-48B5-A31A-35053F483F5D}.crm_development|x64.Build.0 = crm_development|x64
		{7B778F4A-2706-48B5-A31A-35053F483F5D}.crm_master|Any CPU.ActiveCfg = crm_master|x64
		{7B778F4A-2706-48B5-A31A-35053F483F5D}.crm_master|Any CPU.Build.0 = crm_master|x64
		{7B778F4A-2706-48B5-A31A-35053F483F5D}.crm_master|x64.ActiveCfg = crm_master|x64
		{7B778F4A-2706-48B5-A31A-35053F483F5D}.crm_master|x64.Build.0 = crm_master|x64
		{7B778F4A-2706-48B5-A31A-35053F483F5D}.crm_staging|Any CPU.ActiveCfg = crm_staging|x64
		{7B778F4A-2706-48B5-A31A-35053F483F5D}.crm_staging|Any CPU.Build.0 = crm_staging|x64
		{7B778F4A-2706-48B5-A31A-35053F483F5D}.crm_staging|x64.ActiveCfg = crm_staging|x64
		{7B778F4A-2706-48B5-A31A-35053F483F5D}.crm_staging|x64.Build.0 = crm_staging|x64
		{7B778F4A-2706-48B5-A31A-35053F483F5D}.gga_development|Any CPU.ActiveCfg = gga_development|x64
		{7B778F4A-2706-48B5-A31A-35053F483F5D}.gga_development|Any CPU.Build.0 = gga_development|x64
		{7B778F4A-2706-48B5-A31A-35053F483F5D}.gga_development|x64.ActiveCfg = gga_development|x64
		{7B778F4A-2706-48B5-A31A-35053F483F5D}.gga_development|x64.Build.0 = gga_development|x64
		{7B778F4A-2706-48B5-A31A-35053F483F5D}.gga_master|Any CPU.ActiveCfg = gga_master|x64
		{7B778F4A-2706-48B5-A31A-35053F483F5D}.gga_master|Any CPU.Build.0 = gga_master|x64
		{7B778F4A-2706-48B5-A31A-35053F483F5D}.gga_master|x64.ActiveCfg = gga_master|x64
		{7B778F4A-2706-48B5-A31A-35053F483F5D}.gga_master|x64.Build.0 = gga_master|x64
		{7B778F4A-2706-48B5-A31A-35053F483F5D}.gga_staging|Any CPU.ActiveCfg = gga_staging|x64
		{7B778F4A-2706-48B5-A31A-35053F483F5D}.gga_staging|Any CPU.Build.0 = gga_staging|x64
		{7B778F4A-2706-48B5-A31A-35053F483F5D}.gga_staging|x64.ActiveCfg = gga_staging|x64
		{7B778F4A-2706-48B5-A31A-35053F483F5D}.gga_staging|x64.Build.0 = gga_staging|x64
		{7B778F4A-2706-48B5-A31A-35053F483F5D}.idc_development|Any CPU.ActiveCfg = idc_development|x64
		{7B778F4A-2706-48B5-A31A-35053F483F5D}.idc_development|Any CPU.Build.0 = idc_development|x64
		{7B778F4A-2706-48B5-A31A-35053F483F5D}.idc_development|x64.ActiveCfg = idc_development|x64
		{7B778F4A-2706-48B5-A31A-35053F483F5D}.idc_development|x64.Build.0 = idc_development|x64
		{7B778F4A-2706-48B5-A31A-35053F483F5D}.idc_master|Any CPU.ActiveCfg = idc_master|x64
		{7B778F4A-2706-48B5-A31A-35053F483F5D}.idc_master|Any CPU.Build.0 = idc_master|x64
		{7B778F4A-2706-48B5-A31A-35053F483F5D}.idc_master|x64.ActiveCfg = idc_master|x64
		{7B778F4A-2706-48B5-A31A-35053F483F5D}.idc_master|x64.Build.0 = idc_master|x64
		{7B778F4A-2706-48B5-A31A-35053F483F5D}.idc_staging|Any CPU.ActiveCfg = idc_staging|x64
		{7B778F4A-2706-48B5-A31A-35053F483F5D}.idc_staging|Any CPU.Build.0 = idc_staging|x64
		{7B778F4A-2706-48B5-A31A-35053F483F5D}.idc_staging|x64.ActiveCfg = idc_staging|x64
		{7B778F4A-2706-48B5-A31A-35053F483F5D}.idc_staging|x64.Build.0 = idc_staging|x64
		{7B778F4A-2706-48B5-A31A-35053F483F5D}.nvm_development|Any CPU.ActiveCfg = nvm_development|x64
		{7B778F4A-2706-48B5-A31A-35053F483F5D}.nvm_development|Any CPU.Build.0 = nvm_development|x64
		{7B778F4A-2706-48B5-A31A-35053F483F5D}.nvm_development|x64.ActiveCfg = nvm_development|x64
		{7B778F4A-2706-48B5-A31A-35053F483F5D}.nvm_development|x64.Build.0 = nvm_development|x64
		{7B778F4A-2706-48B5-A31A-35053F483F5D}.nvm_master|Any CPU.ActiveCfg = nvm_master|x64
		{7B778F4A-2706-48B5-A31A-35053F483F5D}.nvm_master|Any CPU.Build.0 = nvm_master|x64
		{7B778F4A-2706-48B5-A31A-35053F483F5D}.nvm_master|x64.ActiveCfg = nvm_master|x64
		{7B778F4A-2706-48B5-A31A-35053F483F5D}.nvm_master|x64.Build.0 = nvm_master|x64
		{7B778F4A-2706-48B5-A31A-35053F483F5D}.nvm_staging|Any CPU.ActiveCfg = nvm_staging|x64
		{7B778F4A-2706-48B5-A31A-35053F483F5D}.nvm_staging|Any CPU.Build.0 = nvm_staging|x64
		{7B778F4A-2706-48B5-A31A-35053F483F5D}.nvm_staging|x64.ActiveCfg = nvm_staging|x64
		{7B778F4A-2706-48B5-A31A-35053F483F5D}.nvm_staging|x64.Build.0 = nvm_staging|x64
		{7B778F4A-2706-48B5-A31A-35053F483F5D}.tcr_development|Any CPU.ActiveCfg = tcr_development|x64
		{7B778F4A-2706-48B5-A31A-35053F483F5D}.tcr_development|Any CPU.Build.0 = tcr_development|x64
		{7B778F4A-2706-48B5-A31A-35053F483F5D}.tcr_development|x64.ActiveCfg = tcr_development|x64
		{7B778F4A-2706-48B5-A31A-35053F483F5D}.tcr_development|x64.Build.0 = tcr_development|x64
		{7B778F4A-2706-48B5-A31A-35053F483F5D}.tcr_master|Any CPU.ActiveCfg = tcr_master|x64
		{7B778F4A-2706-48B5-A31A-35053F483F5D}.tcr_master|Any CPU.Build.0 = tcr_master|x64
		{7B778F4A-2706-48B5-A31A-35053F483F5D}.tcr_master|x64.ActiveCfg = tcr_master|x64
		{7B778F4A-2706-48B5-A31A-35053F483F5D}.tcr_master|x64.Build.0 = tcr_master|x64
		{7B778F4A-2706-48B5-A31A-35053F483F5D}.tcr_staging|Any CPU.ActiveCfg = tcr_staging|x64
		{7B778F4A-2706-48B5-A31A-35053F483F5D}.tcr_staging|Any CPU.Build.0 = tcr_staging|x64
		{7B778F4A-2706-48B5-A31A-35053F483F5D}.tcr_staging|x64.ActiveCfg = tcr_staging|x64
		{7B778F4A-2706-48B5-A31A-35053F483F5D}.tcr_staging|x64.Build.0 = tcr_staging|x64
		{7B778F4A-2706-48B5-A31A-35053F483F5D}.thu_development|Any CPU.ActiveCfg = thu_development|x64
		{7B778F4A-2706-48B5-A31A-35053F483F5D}.thu_development|Any CPU.Build.0 = thu_development|x64
		{7B778F4A-2706-48B5-A31A-35053F483F5D}.thu_development|x64.ActiveCfg = thu_development|x64
		{7B778F4A-2706-48B5-A31A-35053F483F5D}.thu_development|x64.Build.0 = thu_development|x64
		{7B778F4A-2706-48B5-A31A-35053F483F5D}.thu_master|Any CPU.ActiveCfg = thu_master|x64
		{7B778F4A-2706-48B5-A31A-35053F483F5D}.thu_master|Any CPU.Build.0 = thu_master|x64
		{7B778F4A-2706-48B5-A31A-35053F483F5D}.thu_master|x64.ActiveCfg = thu_master|x64
		{7B778F4A-2706-48B5-A31A-35053F483F5D}.thu_master|x64.Build.0 = thu_master|x64
		{7B778F4A-2706-48B5-A31A-35053F483F5D}.thu_staging|Any CPU.ActiveCfg = thu_staging|x64
		{7B778F4A-2706-48B5-A31A-35053F483F5D}.thu_staging|Any CPU.Build.0 = thu_staging|x64
		{7B778F4A-2706-48B5-A31A-35053F483F5D}.thu_staging|x64.ActiveCfg = thu_staging|x64
		{7B778F4A-2706-48B5-A31A-35053F483F5D}.thu_staging|x64.Build.0 = thu_staging|x64
		{7B778F4A-2706-48B5-A31A-35053F483F5D}.zsw_development|Any CPU.ActiveCfg = zsw_development|x64
		{7B778F4A-2706-48B5-A31A-35053F483F5D}.zsw_development|Any CPU.Build.0 = zsw_development|x64
		{7B778F4A-2706-48B5-A31A-35053F483F5D}.zsw_development|x64.ActiveCfg = zsw_development|x64
		{7B778F4A-2706-48B5-A31A-35053F483F5D}.zsw_development|x64.Build.0 = zsw_development|x64
		{7B778F4A-2706-48B5-A31A-35053F483F5D}.zsw_master|Any CPU.ActiveCfg = zsw_master|x64
		{7B778F4A-2706-48B5-A31A-35053F483F5D}.zsw_master|Any CPU.Build.0 = zsw_master|x64
		{7B778F4A-2706-48B5-A31A-35053F483F5D}.zsw_master|x64.ActiveCfg = zsw_master|x64
		{7B778F4A-2706-48B5-A31A-35053F483F5D}.zsw_master|x64.Build.0 = zsw_master|x64
		{7B778F4A-2706-48B5-A31A-35053F483F5D}.zsw_staging|Any CPU.ActiveCfg = zsw_staging|x64
		{7B778F4A-2706-48B5-A31A-35053F483F5D}.zsw_staging|Any CPU.Build.0 = zsw_staging|x64
		{7B778F4A-2706-48B5-A31A-35053F483F5D}.zsw_staging|x64.ActiveCfg = zsw_staging|x64
		{7B778F4A-2706-48B5-A31A-35053F483F5D}.zsw_staging|x64.Build.0 = zsw_staging|x64
		{B334B8AC-5E3F-4DF8-BA84-FB4163CC3847}.ams_development|Any CPU.ActiveCfg = ams_development|x64
		{B334B8AC-5E3F-4DF8-BA84-FB4163CC3847}.ams_development|Any CPU.Build.0 = ams_development|x64
		{B334B8AC-5E3F-4DF8-BA84-FB4163CC3847}.ams_development|x64.ActiveCfg = ams_development|x64
		{B334B8AC-5E3F-4DF8-BA84-FB4163CC3847}.ams_development|x64.Build.0 = ams_development|x64
		{B334B8AC-5E3F-4DF8-BA84-FB4163CC3847}.ams_master|Any CPU.ActiveCfg = ams_master|x64
		{B334B8AC-5E3F-4DF8-BA84-FB4163CC3847}.ams_master|Any CPU.Build.0 = ams_master|x64
		{B334B8AC-5E3F-4DF8-BA84-FB4163CC3847}.ams_master|x64.ActiveCfg = ams_master|x64
		{B334B8AC-5E3F-4DF8-BA84-FB4163CC3847}.ams_master|x64.Build.0 = ams_master|x64
		{B334B8AC-5E3F-4DF8-BA84-FB4163CC3847}.ams_staging|Any CPU.ActiveCfg = ams_staging|x64
		{B334B8AC-5E3F-4DF8-BA84-FB4163CC3847}.ams_staging|Any CPU.Build.0 = ams_staging|x64
		{B334B8AC-5E3F-4DF8-BA84-FB4163CC3847}.ams_staging|x64.ActiveCfg = ams_staging|x64
		{B334B8AC-5E3F-4DF8-BA84-FB4163CC3847}.ams_staging|x64.Build.0 = ams_staging|x64
		{B334B8AC-5E3F-4DF8-BA84-FB4163CC3847}.clv_development|Any CPU.ActiveCfg = clv_development|x64
		{B334B8AC-5E3F-4DF8-BA84-FB4163CC3847}.clv_development|Any CPU.Build.0 = clv_development|x64
		{B334B8AC-5E3F-4DF8-BA84-FB4163CC3847}.clv_development|x64.ActiveCfg = clv_development|x64
		{B334B8AC-5E3F-4DF8-BA84-FB4163CC3847}.clv_development|x64.Build.0 = clv_development|x64
		{B334B8AC-5E3F-4DF8-BA84-FB4163CC3847}.clv_master|Any CPU.ActiveCfg = clv_master|x64
		{B334B8AC-5E3F-4DF8-BA84-FB4163CC3847}.clv_master|Any CPU.Build.0 = clv_master|x64
		{B334B8AC-5E3F-4DF8-BA84-FB4163CC3847}.clv_master|x64.ActiveCfg = clv_master|x64
		{B334B8AC-5E3F-4DF8-BA84-FB4163CC3847}.clv_master|x64.Build.0 = clv_master|x64
		{B334B8AC-5E3F-4DF8-BA84-FB4163CC3847}.clv_staging|Any CPU.ActiveCfg = clv_staging|x64
		{B334B8AC-5E3F-4DF8-BA84-FB4163CC3847}.clv_staging|Any CPU.Build.0 = clv_staging|x64
		{B334B8AC-5E3F-4DF8-BA84-FB4163CC3847}.clv_staging|x64.ActiveCfg = clv_staging|x64
		{B334B8AC-5E3F-4DF8-BA84-FB4163CC3847}.clv_staging|x64.Build.0 = clv_staging|x64
		{B334B8AC-5E3F-4DF8-BA84-FB4163CC3847}.crm_development|Any CPU.ActiveCfg = crm_development|x64
		{B334B8AC-5E3F-4DF8-BA84-FB4163CC3847}.crm_development|Any CPU.Build.0 = crm_development|x64
		{B334B8AC-5E3F-4DF8-BA84-FB4163CC3847}.crm_development|x64.ActiveCfg = crm_development|x64
		{B334B8AC-5E3F-4DF8-BA84-FB4163CC3847}.crm_development|x64.Build.0 = crm_development|x64
		{B334B8AC-5E3F-4DF8-BA84-FB4163CC3847}.crm_master|Any CPU.ActiveCfg = crm_master|x64
		{B334B8AC-5E3F-4DF8-BA84-FB4163CC3847}.crm_master|Any CPU.Build.0 = crm_master|x64
		{B334B8AC-5E3F-4DF8-BA84-FB4163CC3847}.crm_master|x64.ActiveCfg = crm_master|x64
		{B334B8AC-5E3F-4DF8-BA84-FB4163CC3847}.crm_master|x64.Build.0 = crm_master|x64
		{B334B8AC-5E3F-4DF8-BA84-FB4163CC3847}.crm_staging|Any CPU.ActiveCfg = crm_staging|x64
		{B334B8AC-5E3F-4DF8-BA84-FB4163CC3847}.crm_staging|Any CPU.Build.0 = crm_staging|x64
		{B334B8AC-5E3F-4DF8-BA84-FB4163CC3847}.crm_staging|x64.ActiveCfg = crm_staging|x64
		{B334B8AC-5E3F-4DF8-BA84-FB4163CC3847}.crm_staging|x64.Build.0 = crm_staging|x64
		{B334B8AC-5E3F-4DF8-BA84-FB4163CC3847}.gga_development|Any CPU.ActiveCfg = gga_development|x64
		{B334B8AC-5E3F-4DF8-BA84-FB4163CC3847}.gga_development|Any CPU.Build.0 = gga_development|x64
		{B334B8AC-5E3F-4DF8-BA84-FB4163CC3847}.gga_development|x64.ActiveCfg = gga_development|x64
		{B334B8AC-5E3F-4DF8-BA84-FB4163CC3847}.gga_development|x64.Build.0 = gga_development|x64
		{B334B8AC-5E3F-4DF8-BA84-FB4163CC3847}.gga_master|Any CPU.ActiveCfg = gga_master|x64
		{B334B8AC-5E3F-4DF8-BA84-FB4163CC3847}.gga_master|Any CPU.Build.0 = gga_master|x64
		{B334B8AC-5E3F-4DF8-BA84-FB4163CC3847}.gga_master|x64.ActiveCfg = gga_master|x64
		{B334B8AC-5E3F-4DF8-BA84-FB4163CC3847}.gga_master|x64.Build.0 = gga_master|x64
		{B334B8AC-5E3F-4DF8-BA84-FB4163CC3847}.gga_staging|Any CPU.ActiveCfg = gga_staging|x64
		{B334B8AC-5E3F-4DF8-BA84-FB4163CC3847}.gga_staging|Any CPU.Build.0 = gga_staging|x64
		{B334B8AC-5E3F-4DF8-BA84-FB4163CC3847}.gga_staging|x64.ActiveCfg = gga_staging|x64
		{B334B8AC-5E3F-4DF8-BA84-FB4163CC3847}.gga_staging|x64.Build.0 = gga_staging|x64
		{B334B8AC-5E3F-4DF8-BA84-FB4163CC3847}.idc_development|Any CPU.ActiveCfg = idc_development|x64
		{B334B8AC-5E3F-4DF8-BA84-FB4163CC3847}.idc_development|Any CPU.Build.0 = idc_development|x64
		{B334B8AC-5E3F-4DF8-BA84-FB4163CC3847}.idc_development|x64.ActiveCfg = idc_development|x64
		{B334B8AC-5E3F-4DF8-BA84-FB4163CC3847}.idc_development|x64.Build.0 = idc_development|x64
		{B334B8AC-5E3F-4DF8-BA84-FB4163CC3847}.idc_master|Any CPU.ActiveCfg = idc_master|x64
		{B334B8AC-5E3F-4DF8-BA84-FB4163CC3847}.idc_master|Any CPU.Build.0 = idc_master|x64
		{B334B8AC-5E3F-4DF8-BA84-FB4163CC3847}.idc_master|x64.ActiveCfg = idc_master|x64
		{B334B8AC-5E3F-4DF8-BA84-FB4163CC3847}.idc_master|x64.Build.0 = idc_master|x64
		{B334B8AC-5E3F-4DF8-BA84-FB4163CC3847}.idc_staging|Any CPU.ActiveCfg = idc_staging|x64
		{B334B8AC-5E3F-4DF8-BA84-FB4163CC3847}.idc_staging|Any CPU.Build.0 = idc_staging|x64
		{B334B8AC-5E3F-4DF8-BA84-FB4163CC3847}.idc_staging|x64.ActiveCfg = idc_staging|x64
		{B334B8AC-5E3F-4DF8-BA84-FB4163CC3847}.idc_staging|x64.Build.0 = idc_staging|x64
		{B334B8AC-5E3F-4DF8-BA84-FB4163CC3847}.nvm_development|Any CPU.ActiveCfg = nvm_development|x64
		{B334B8AC-5E3F-4DF8-BA84-FB4163CC3847}.nvm_development|Any CPU.Build.0 = nvm_development|x64
		{B334B8AC-5E3F-4DF8-BA84-FB4163CC3847}.nvm_development|x64.ActiveCfg = nvm_development|x64
		{B334B8AC-5E3F-4DF8-BA84-FB4163CC3847}.nvm_development|x64.Build.0 = nvm_development|x64
		{B334B8AC-5E3F-4DF8-BA84-FB4163CC3847}.nvm_master|Any CPU.ActiveCfg = nvm_master|x64
		{B334B8AC-5E3F-4DF8-BA84-FB4163CC3847}.nvm_master|Any CPU.Build.0 = nvm_master|x64
		{B334B8AC-5E3F-4DF8-BA84-FB4163CC3847}.nvm_master|x64.ActiveCfg = nvm_master|x64
		{B334B8AC-5E3F-4DF8-BA84-FB4163CC3847}.nvm_master|x64.Build.0 = nvm_master|x64
		{B334B8AC-5E3F-4DF8-BA84-FB4163CC3847}.nvm_staging|Any CPU.ActiveCfg = nvm_staging|x64
		{B334B8AC-5E3F-4DF8-BA84-FB4163CC3847}.nvm_staging|Any CPU.Build.0 = nvm_staging|x64
		{B334B8AC-5E3F-4DF8-BA84-FB4163CC3847}.nvm_staging|x64.ActiveCfg = nvm_staging|x64
		{B334B8AC-5E3F-4DF8-BA84-FB4163CC3847}.nvm_staging|x64.Build.0 = nvm_staging|x64
		{B334B8AC-5E3F-4DF8-BA84-FB4163CC3847}.tcr_development|Any CPU.ActiveCfg = tcr_development|x64
		{B334B8AC-5E3F-4DF8-BA84-FB4163CC3847}.tcr_development|Any CPU.Build.0 = tcr_development|x64
		{B334B8AC-5E3F-4DF8-BA84-FB4163CC3847}.tcr_development|x64.ActiveCfg = tcr_development|x64
		{B334B8AC-5E3F-4DF8-BA84-FB4163CC3847}.tcr_development|x64.Build.0 = tcr_development|x64
		{B334B8AC-5E3F-4DF8-BA84-FB4163CC3847}.tcr_master|Any CPU.ActiveCfg = tcr_master|x64
		{B334B8AC-5E3F-4DF8-BA84-FB4163CC3847}.tcr_master|Any CPU.Build.0 = tcr_master|x64
		{B334B8AC-5E3F-4DF8-BA84-FB4163CC3847}.tcr_master|x64.ActiveCfg = tcr_master|x64
		{B334B8AC-5E3F-4DF8-BA84-FB4163CC3847}.tcr_master|x64.Build.0 = tcr_master|x64
		{B334B8AC-5E3F-4DF8-BA84-FB4163CC3847}.tcr_staging|Any CPU.ActiveCfg = tcr_staging|x64
		{B334B8AC-5E3F-4DF8-BA84-FB4163CC3847}.tcr_staging|Any CPU.Build.0 = tcr_staging|x64
		{B334B8AC-5E3F-4DF8-BA84-FB4163CC3847}.tcr_staging|x64.ActiveCfg = tcr_staging|x64
		{B334B8AC-5E3F-4DF8-BA84-FB4163CC3847}.tcr_staging|x64.Build.0 = tcr_staging|x64
		{B334B8AC-5E3F-4DF8-BA84-FB4163CC3847}.thu_development|Any CPU.ActiveCfg = thu_development|x64
		{B334B8AC-5E3F-4DF8-BA84-FB4163CC3847}.thu_development|Any CPU.Build.0 = thu_development|x64
		{B334B8AC-5E3F-4DF8-BA84-FB4163CC3847}.thu_development|x64.ActiveCfg = thu_development|x64
		{B334B8AC-5E3F-4DF8-BA84-FB4163CC3847}.thu_development|x64.Build.0 = thu_development|x64
		{B334B8AC-5E3F-4DF8-BA84-FB4163CC3847}.thu_master|Any CPU.ActiveCfg = thu_master|x64
		{B334B8AC-5E3F-4DF8-BA84-FB4163CC3847}.thu_master|Any CPU.Build.0 = thu_master|x64
		{B334B8AC-5E3F-4DF8-BA84-FB4163CC3847}.thu_master|x64.ActiveCfg = thu_master|x64
		{B334B8AC-5E3F-4DF8-BA84-FB4163CC3847}.thu_master|x64.Build.0 = thu_master|x64
		{B334B8AC-5E3F-4DF8-BA84-FB4163CC3847}.thu_staging|Any CPU.ActiveCfg = thu_staging|x64
		{B334B8AC-5E3F-4DF8-BA84-FB4163CC3847}.thu_staging|Any CPU.Build.0 = thu_staging|x64
		{B334B8AC-5E3F-4DF8-BA84-FB4163CC3847}.thu_staging|x64.ActiveCfg = thu_staging|x64
		{B334B8AC-5E3F-4DF8-BA84-FB4163CC3847}.thu_staging|x64.Build.0 = thu_staging|x64
		{B334B8AC-5E3F-4DF8-BA84-FB4163CC3847}.zsw_development|Any CPU.ActiveCfg = zsw_development|x64
		{B334B8AC-5E3F-4DF8-BA84-FB4163CC3847}.zsw_development|Any CPU.Build.0 = zsw_development|x64
		{B334B8AC-5E3F-4DF8-BA84-FB4163CC3847}.zsw_development|x64.ActiveCfg = zsw_development|x64
		{B334B8AC-5E3F-4DF8-BA84-FB4163CC3847}.zsw_development|x64.Build.0 = zsw_development|x64
		{B334B8AC-5E3F-4DF8-BA84-FB4163CC3847}.zsw_master|Any CPU.ActiveCfg = zsw_master|x64
		{B334B8AC-5E3F-4DF8-BA84-FB4163CC3847}.zsw_master|Any CPU.Build.0 = zsw_master|x64
		{B334B8AC-5E3F-4DF8-BA84-FB4163CC3847}.zsw_master|x64.ActiveCfg = zsw_master|x64
		{B334B8AC-5E3F-4DF8-BA84-FB4163CC3847}.zsw_master|x64.Build.0 = zsw_master|x64
		{B334B8AC-5E3F-4DF8-BA84-FB4163CC3847}.zsw_staging|Any CPU.ActiveCfg = zsw_staging|x64
		{B334B8AC-5E3F-4DF8-BA84-FB4163CC3847}.zsw_staging|Any CPU.Build.0 = zsw_staging|x64
		{B334B8AC-5E3F-4DF8-BA84-FB4163CC3847}.zsw_staging|x64.ActiveCfg = zsw_staging|x64
		{B334B8AC-5E3F-4DF8-BA84-FB4163CC3847}.zsw_staging|x64.Build.0 = zsw_staging|x64
		{51A9FD8D-5B9E-47C4-AA14-0647918048A9}.ams_development|Any CPU.ActiveCfg = ams_development|x64
		{51A9FD8D-5B9E-47C4-AA14-0647918048A9}.ams_development|Any CPU.Build.0 = ams_development|x64
		{51A9FD8D-5B9E-47C4-AA14-0647918048A9}.ams_development|x64.ActiveCfg = ams_development|x64
		{51A9FD8D-5B9E-47C4-AA14-0647918048A9}.ams_development|x64.Build.0 = ams_development|x64
		{51A9FD8D-5B9E-47C4-AA14-0647918048A9}.ams_master|Any CPU.ActiveCfg = ams_master|x64
		{51A9FD8D-5B9E-47C4-AA14-0647918048A9}.ams_master|Any CPU.Build.0 = ams_master|x64
		{51A9FD8D-5B9E-47C4-AA14-0647918048A9}.ams_master|x64.ActiveCfg = ams_master|x64
		{51A9FD8D-5B9E-47C4-AA14-0647918048A9}.ams_master|x64.Build.0 = ams_master|x64
		{51A9FD8D-5B9E-47C4-AA14-0647918048A9}.ams_staging|Any CPU.ActiveCfg = ams_staging|x64
		{51A9FD8D-5B9E-47C4-AA14-0647918048A9}.ams_staging|Any CPU.Build.0 = ams_staging|x64
		{51A9FD8D-5B9E-47C4-AA14-0647918048A9}.ams_staging|x64.ActiveCfg = ams_staging|x64
		{51A9FD8D-5B9E-47C4-AA14-0647918048A9}.ams_staging|x64.Build.0 = ams_staging|x64
		{51A9FD8D-5B9E-47C4-AA14-0647918048A9}.clv_development|Any CPU.ActiveCfg = clv_development|x64
		{51A9FD8D-5B9E-47C4-AA14-0647918048A9}.clv_development|Any CPU.Build.0 = clv_development|x64
		{51A9FD8D-5B9E-47C4-AA14-0647918048A9}.clv_development|x64.ActiveCfg = clv_development|x64
		{51A9FD8D-5B9E-47C4-AA14-0647918048A9}.clv_development|x64.Build.0 = clv_development|x64
		{51A9FD8D-5B9E-47C4-AA14-0647918048A9}.clv_master|Any CPU.ActiveCfg = clv_master|x64
		{51A9FD8D-5B9E-47C4-AA14-0647918048A9}.clv_master|Any CPU.Build.0 = clv_master|x64
		{51A9FD8D-5B9E-47C4-AA14-0647918048A9}.clv_master|x64.ActiveCfg = clv_master|x64
		{51A9FD8D-5B9E-47C4-AA14-0647918048A9}.clv_master|x64.Build.0 = clv_master|x64
		{51A9FD8D-5B9E-47C4-AA14-0647918048A9}.clv_staging|Any CPU.ActiveCfg = clv_staging|x64
		{51A9FD8D-5B9E-47C4-AA14-0647918048A9}.clv_staging|Any CPU.Build.0 = clv_staging|x64
		{51A9FD8D-5B9E-47C4-AA14-0647918048A9}.clv_staging|x64.ActiveCfg = clv_staging|x64
		{51A9FD8D-5B9E-47C4-AA14-0647918048A9}.clv_staging|x64.Build.0 = clv_staging|x64
		{51A9FD8D-5B9E-47C4-AA14-0647918048A9}.crm_development|Any CPU.ActiveCfg = crm_development|x64
		{51A9FD8D-5B9E-47C4-AA14-0647918048A9}.crm_development|Any CPU.Build.0 = crm_development|x64
		{51A9FD8D-5B9E-47C4-AA14-0647918048A9}.crm_development|x64.ActiveCfg = crm_development|x64
		{51A9FD8D-5B9E-47C4-AA14-0647918048A9}.crm_development|x64.Build.0 = crm_development|x64
		{51A9FD8D-5B9E-47C4-AA14-0647918048A9}.crm_master|Any CPU.ActiveCfg = crm_master|x64
		{51A9FD8D-5B9E-47C4-AA14-0647918048A9}.crm_master|Any CPU.Build.0 = crm_master|x64
		{51A9FD8D-5B9E-47C4-AA14-0647918048A9}.crm_master|x64.ActiveCfg = crm_master|x64
		{51A9FD8D-5B9E-47C4-AA14-0647918048A9}.crm_master|x64.Build.0 = crm_master|x64
		{51A9FD8D-5B9E-47C4-AA14-0647918048A9}.crm_staging|Any CPU.ActiveCfg = crm_staging|x64
		{51A9FD8D-5B9E-47C4-AA14-0647918048A9}.crm_staging|Any CPU.Build.0 = crm_staging|x64
		{51A9FD8D-5B9E-47C4-AA14-0647918048A9}.crm_staging|x64.ActiveCfg = crm_staging|x64
		{51A9FD8D-5B9E-47C4-AA14-0647918048A9}.crm_staging|x64.Build.0 = crm_staging|x64
		{51A9FD8D-5B9E-47C4-AA14-0647918048A9}.gga_development|Any CPU.ActiveCfg = gga_development|x64
		{51A9FD8D-5B9E-47C4-AA14-0647918048A9}.gga_development|Any CPU.Build.0 = gga_development|x64
		{51A9FD8D-5B9E-47C4-AA14-0647918048A9}.gga_development|x64.ActiveCfg = gga_development|x64
		{51A9FD8D-5B9E-47C4-AA14-0647918048A9}.gga_development|x64.Build.0 = gga_development|x64
		{51A9FD8D-5B9E-47C4-AA14-0647918048A9}.gga_master|Any CPU.ActiveCfg = gga_master|x64
		{51A9FD8D-5B9E-47C4-AA14-0647918048A9}.gga_master|Any CPU.Build.0 = gga_master|x64
		{51A9FD8D-5B9E-47C4-AA14-0647918048A9}.gga_master|x64.ActiveCfg = gga_master|x64
		{51A9FD8D-5B9E-47C4-AA14-0647918048A9}.gga_master|x64.Build.0 = gga_master|x64
		{51A9FD8D-5B9E-47C4-AA14-0647918048A9}.gga_staging|Any CPU.ActiveCfg = gga_staging|x64
		{51A9FD8D-5B9E-47C4-AA14-0647918048A9}.gga_staging|Any CPU.Build.0 = gga_staging|x64
		{51A9FD8D-5B9E-47C4-AA14-0647918048A9}.gga_staging|x64.ActiveCfg = gga_staging|x64
		{51A9FD8D-5B9E-47C4-AA14-0647918048A9}.gga_staging|x64.Build.0 = gga_staging|x64
		{51A9FD8D-5B9E-47C4-AA14-0647918048A9}.idc_development|Any CPU.ActiveCfg = idc_development|x64
		{51A9FD8D-5B9E-47C4-AA14-0647918048A9}.idc_development|Any CPU.Build.0 = idc_development|x64
		{51A9FD8D-5B9E-47C4-AA14-0647918048A9}.idc_development|x64.ActiveCfg = idc_development|x64
		{51A9FD8D-5B9E-47C4-AA14-0647918048A9}.idc_development|x64.Build.0 = idc_development|x64
		{51A9FD8D-5B9E-47C4-AA14-0647918048A9}.idc_master|Any CPU.ActiveCfg = idc_master|x64
		{51A9FD8D-5B9E-47C4-AA14-0647918048A9}.idc_master|Any CPU.Build.0 = idc_master|x64
		{51A9FD8D-5B9E-47C4-AA14-0647918048A9}.idc_master|x64.ActiveCfg = idc_master|x64
		{51A9FD8D-5B9E-47C4-AA14-0647918048A9}.idc_master|x64.Build.0 = idc_master|x64
		{51A9FD8D-5B9E-47C4-AA14-0647918048A9}.idc_staging|Any CPU.ActiveCfg = idc_staging|x64
		{51A9FD8D-5B9E-47C4-AA14-0647918048A9}.idc_staging|Any CPU.Build.0 = idc_staging|x64
		{51A9FD8D-5B9E-47C4-AA14-0647918048A9}.idc_staging|x64.ActiveCfg = idc_staging|x64
		{51A9FD8D-5B9E-47C4-AA14-0647918048A9}.idc_staging|x64.Build.0 = idc_staging|x64
		{51A9FD8D-5B9E-47C4-AA14-0647918048A9}.nvm_development|Any CPU.ActiveCfg = nvm_development|x64
		{51A9FD8D-5B9E-47C4-AA14-0647918048A9}.nvm_development|Any CPU.Build.0 = nvm_development|x64
		{51A9FD8D-5B9E-47C4-AA14-0647918048A9}.nvm_development|x64.ActiveCfg = nvm_development|x64
		{51A9FD8D-5B9E-47C4-AA14-0647918048A9}.nvm_development|x64.Build.0 = nvm_development|x64
		{51A9FD8D-5B9E-47C4-AA14-0647918048A9}.nvm_master|Any CPU.ActiveCfg = nvm_master|x64
		{51A9FD8D-5B9E-47C4-AA14-0647918048A9}.nvm_master|Any CPU.Build.0 = nvm_master|x64
		{51A9FD8D-5B9E-47C4-AA14-0647918048A9}.nvm_master|x64.ActiveCfg = nvm_master|x64
		{51A9FD8D-5B9E-47C4-AA14-0647918048A9}.nvm_master|x64.Build.0 = nvm_master|x64
		{51A9FD8D-5B9E-47C4-AA14-0647918048A9}.nvm_staging|Any CPU.ActiveCfg = nvm_staging|x64
		{51A9FD8D-5B9E-47C4-AA14-0647918048A9}.nvm_staging|Any CPU.Build.0 = nvm_staging|x64
		{51A9FD8D-5B9E-47C4-AA14-0647918048A9}.nvm_staging|x64.ActiveCfg = nvm_staging|x64
		{51A9FD8D-5B9E-47C4-AA14-0647918048A9}.nvm_staging|x64.Build.0 = nvm_staging|x64
		{51A9FD8D-5B9E-47C4-AA14-0647918048A9}.tcr_development|Any CPU.ActiveCfg = tcr_development|x64
		{51A9FD8D-5B9E-47C4-AA14-0647918048A9}.tcr_development|Any CPU.Build.0 = tcr_development|x64
		{51A9FD8D-5B9E-47C4-AA14-0647918048A9}.tcr_development|x64.ActiveCfg = tcr_development|x64
		{51A9FD8D-5B9E-47C4-AA14-0647918048A9}.tcr_development|x64.Build.0 = tcr_development|x64
		{51A9FD8D-5B9E-47C4-AA14-0647918048A9}.tcr_master|Any CPU.ActiveCfg = tcr_master|x64
		{51A9FD8D-5B9E-47C4-AA14-0647918048A9}.tcr_master|Any CPU.Build.0 = tcr_master|x64
		{51A9FD8D-5B9E-47C4-AA14-0647918048A9}.tcr_master|x64.ActiveCfg = tcr_master|x64
		{51A9FD8D-5B9E-47C4-AA14-0647918048A9}.tcr_master|x64.Build.0 = tcr_master|x64
		{51A9FD8D-5B9E-47C4-AA14-0647918048A9}.tcr_staging|Any CPU.ActiveCfg = tcr_staging|x64
		{51A9FD8D-5B9E-47C4-AA14-0647918048A9}.tcr_staging|Any CPU.Build.0 = tcr_staging|x64
		{51A9FD8D-5B9E-47C4-AA14-0647918048A9}.tcr_staging|x64.ActiveCfg = tcr_staging|x64
		{51A9FD8D-5B9E-47C4-AA14-0647918048A9}.tcr_staging|x64.Build.0 = tcr_staging|x64
		{51A9FD8D-5B9E-47C4-AA14-0647918048A9}.thu_development|Any CPU.ActiveCfg = thu_development|x64
		{51A9FD8D-5B9E-47C4-AA14-0647918048A9}.thu_development|Any CPU.Build.0 = thu_development|x64
		{51A9FD8D-5B9E-47C4-AA14-0647918048A9}.thu_development|x64.ActiveCfg = thu_development|x64
		{51A9FD8D-5B9E-47C4-AA14-0647918048A9}.thu_development|x64.Build.0 = thu_development|x64
		{51A9FD8D-5B9E-47C4-AA14-0647918048A9}.thu_master|Any CPU.ActiveCfg = thu_master|x64
		{51A9FD8D-5B9E-47C4-AA14-0647918048A9}.thu_master|Any CPU.Build.0 = thu_master|x64
		{51A9FD8D-5B9E-47C4-AA14-0647918048A9}.thu_master|x64.ActiveCfg = thu_master|x64
		{51A9FD8D-5B9E-47C4-AA14-0647918048A9}.thu_master|x64.Build.0 = thu_master|x64
		{51A9FD8D-5B9E-47C4-AA14-0647918048A9}.thu_staging|Any CPU.ActiveCfg = thu_staging|x64
		{51A9FD8D-5B9E-47C4-AA14-0647918048A9}.thu_staging|Any CPU.Build.0 = thu_staging|x64
		{51A9FD8D-5B9E-47C4-AA14-0647918048A9}.thu_staging|x64.ActiveCfg = thu_staging|x64
		{51A9FD8D-5B9E-47C4-AA14-0647918048A9}.thu_staging|x64.Build.0 = thu_staging|x64
		{51A9FD8D-5B9E-47C4-AA14-0647918048A9}.zsw_development|Any CPU.ActiveCfg = zsw_development|x64
		{51A9FD8D-5B9E-47C4-AA14-0647918048A9}.zsw_development|Any CPU.Build.0 = zsw_development|x64
		{51A9FD8D-5B9E-47C4-AA14-0647918048A9}.zsw_development|x64.ActiveCfg = zsw_development|x64
		{51A9FD8D-5B9E-47C4-AA14-0647918048A9}.zsw_development|x64.Build.0 = zsw_development|x64
		{51A9FD8D-5B9E-47C4-AA14-0647918048A9}.zsw_master|Any CPU.ActiveCfg = zsw_master|x64
		{51A9FD8D-5B9E-47C4-AA14-0647918048A9}.zsw_master|Any CPU.Build.0 = zsw_master|x64
		{51A9FD8D-5B9E-47C4-AA14-0647918048A9}.zsw_master|x64.ActiveCfg = zsw_master|x64
		{51A9FD8D-5B9E-47C4-AA14-0647918048A9}.zsw_master|x64.Build.0 = zsw_master|x64
		{51A9FD8D-5B9E-47C4-AA14-0647918048A9}.zsw_staging|Any CPU.ActiveCfg = zsw_staging|x64
		{51A9FD8D-5B9E-47C4-AA14-0647918048A9}.zsw_staging|Any CPU.Build.0 = zsw_staging|x64
		{51A9FD8D-5B9E-47C4-AA14-0647918048A9}.zsw_staging|x64.ActiveCfg = zsw_staging|x64
		{51A9FD8D-5B9E-47C4-AA14-0647918048A9}.zsw_staging|x64.Build.0 = zsw_staging|x64
	EndGlobalSection
	GlobalSection(SolutionProperties) = preSolution
		HideSolutionNode = FALSE
	EndGlobalSection
	GlobalSection(ExtensibilityGlobals) = postSolution
		SolutionGuid = {92D5284D-57B2-405E-B8BE-7B1A04DE7564}
	EndGlobalSection
EndGlobal
